
Microsoft Visual Studio Solution File, Format Version 12.00
# Visual Studio Version 16
VisualStudioVersion = 16.0.31624.102
MinimumVisualStudioVersion = 10.0.40219.1
Project("{9A19103F-16F7-4668-BE54-9A1E7A4F7556}") = "Pishtova_ASP.NET_web_api", "Pishtova_ASP.NET_web_api.csproj", "{8C231549-ACA8-4F46-A866-CEB58C0E32DF}"
EndProject
Project("{2150E333-8FDC-42A3-9474-1A3956D46DE8}") = "Data", "Data", "{4B70FB13-840D-49B7-A569-C0664C384E63}"
EndProject
Project("{2150E333-8FDC-42A3-9474-1A3956D46DE8}") = "Web", "Web", "{BD19AF6F-0F8A-4DE7-ABC4-D9EAE6DE927E}"
EndProject
Project("{9A19103F-16F7-4668-BE54-9A1E7A4F7556}") = "Pishtova.Data", "..\Pishtova.Data\Pishtova.Data.csproj", "{AD23A48C-2C75-49E6-A47B-E336A9F39C04}"
EndProject
Project("{9A19103F-16F7-4668-BE54-9A1E7A4F7556}") = "Pishtova.Data.Common", "..\Pishtova.Data.Common\Pishtova.Data.Common.csproj", "{4C47FE09-EDEF-45FA-84F2-90C7458BBDAE}"
EndProject
Project("{9A19103F-16F7-4668-BE54-9A1E7A4F7556}") = "Pishtova.Common", "..\Pishtova.Common\Pishtova.Common.csproj", "{A1072008-99F6-4E88-B50E-AC51E898668A}"
EndProject
Project("{9A19103F-16F7-4668-BE54-9A1E7A4F7556}") = "Pishtova_ASP.NET_web_api.Model", "..\Pishtova_ASP.NET_web_api.Model\Pishtova_ASP.NET_web_api.Model.csproj", "{82A037C3-55B6-4434-BC50-AFECA614EFFB}"
EndProject
Project("{2150E333-8FDC-42A3-9474-1A3956D46DE8}") = "Services", "Services", "{5F1183CA-C846-454A-89D2-6752B422617F}"
EndProject
Project("{9A19103F-16F7-4668-BE54-9A1E7A4F7556}") = "Pishtova.Services.Data", "..\Pishtova.Services.Data\Pishtova.Services.Data.csproj", "{2B59E6AA-5BD5-4253-B5C0-4CC3EBC22F7A}"
EndProject
Project("{2150E333-8FDC-42A3-9474-1A3956D46DE8}") = "Tests", "Tests", "{E204E0C8-42F3-45D9-B2EE-4B5EDBEB6BE5}"
EndProject
Project("{9A19103F-16F7-4668-BE54-9A1E7A4F7556}") = "Pishtova.Services.Models", "..\Pishtova.Services.Models\Pishtova.Services.Models.csproj", "{A01DB885-A054-4499-B565-8A89B427DE6D}"
EndProject
Project("{9A19103F-16F7-4668-BE54-9A1E7A4F7556}") = "Pishtova.Services", "..\Pishtova.Services\Pishtova.Services.csproj", "{70EEB718-7824-4BD2-85D6-A04526ABB6DD}"
EndProject
Project("{9A19103F-16F7-4668-BE54-9A1E7A4F7556}") = "Pishtova.Data.Models", "..\Pishtova.Data.Models\Pishtova.Data.Models.csproj", "{907650FC-EA24-4B97-A020-84B7A0ECB16F}"
EndProject
Project("{9A19103F-16F7-4668-BE54-9A1E7A4F7556}") = "Sandbox", "..\Sandbox\Sandbox.csproj", "{101B8538-FE0F-44DE-A65D-D1271906428F}"
EndProject
Global
	GlobalSection(SolutionConfigurationPlatforms) = preSolution
		Debug|Any CPU = Debug|Any CPU
		Release|Any CPU = Release|Any CPU
	EndGlobalSection
	GlobalSection(ProjectConfigurationPlatforms) = postSolution
		{8C231549-ACA8-4F46-A866-CEB58C0E32DF}.Debug|Any CPU.ActiveCfg = Debug|Any CPU
		{8C231549-ACA8-4F46-A866-CEB58C0E32DF}.Debug|Any CPU.Build.0 = Debug|Any CPU
		{8C231549-ACA8-4F46-A866-CEB58C0E32DF}.Release|Any CPU.ActiveCfg = Release|Any CPU
		{8C231549-ACA8-4F46-A866-CEB58C0E32DF}.Release|Any CPU.Build.0 = Release|Any CPU
		{AD23A48C-2C75-49E6-A47B-E336A9F39C04}.Debug|Any CPU.ActiveCfg = Debug|Any CPU
		{AD23A48C-2C75-49E6-A47B-E336A9F39C04}.Debug|Any CPU.Build.0 = Debug|Any CPU
		{AD23A48C-2C75-49E6-A47B-E336A9F39C04}.Release|Any CPU.ActiveCfg = Release|Any CPU
		{AD23A48C-2C75-49E6-A47B-E336A9F39C04}.Release|Any CPU.Build.0 = Release|Any CPU
		{4C47FE09-EDEF-45FA-84F2-90C7458BBDAE}.Debug|Any CPU.ActiveCfg = Debug|Any CPU
		{4C47FE09-EDEF-45FA-84F2-90C7458BBDAE}.Debug|Any CPU.Build.0 = Debug|Any CPU
		{4C47FE09-EDEF-45FA-84F2-90C7458BBDAE}.Release|Any CPU.ActiveCfg = Release|Any CPU
		{4C47FE09-EDEF-45FA-84F2-90C7458BBDAE}.Release|Any CPU.Build.0 = Release|Any CPU
		{A1072008-99F6-4E88-B50E-AC51E898668A}.Debug|Any CPU.ActiveCfg = Debug|Any CPU
		{A1072008-99F6-4E88-B50E-AC51E898668A}.Debug|Any CPU.Build.0 = Debug|Any CPU
		{A1072008-99F6-4E88-B50E-AC51E898668A}.Release|Any CPU.ActiveCfg = Release|Any CPU
		{A1072008-99F6-4E88-B50E-AC51E898668A}.Release|Any CPU.Build.0 = Release|Any CPU
		{82A037C3-55B6-4434-BC50-AFECA614EFFB}.Debug|Any CPU.ActiveCfg = Debug|Any CPU
		{82A037C3-55B6-4434-BC50-AFECA614EFFB}.Debug|Any CPU.Build.0 = Debug|Any CPU
		{82A037C3-55B6-4434-BC50-AFECA614EFFB}.Release|Any CPU.ActiveCfg = Release|Any CPU
		{82A037C3-55B6-4434-BC50-AFECA614EFFB}.Release|Any CPU.Build.0 = Release|Any CPU
		{2B59E6AA-5BD5-4253-B5C0-4CC3EBC22F7A}.Debug|Any CPU.ActiveCfg = Debug|Any CPU
		{2B59E6AA-5BD5-4253-B5C0-4CC3EBC22F7A}.Debug|Any CPU.Build.0 = Debug|Any CPU
		{2B59E6AA-5BD5-4253-B5C0-4CC3EBC22F7A}.Release|Any CPU.ActiveCfg = Release|Any CPU
		{2B59E6AA-5BD5-4253-B5C0-4CC3EBC22F7A}.Release|Any CPU.Build.0 = Release|Any CPU
		{A01DB885-A054-4499-B565-8A89B427DE6D}.Debug|Any CPU.ActiveCfg = Debug|Any CPU
		{A01DB885-A054-4499-B565-8A89B427DE6D}.Debug|Any CPU.Build.0 = Debug|Any CPU
		{A01DB885-A054-4499-B565-8A89B427DE6D}.Release|Any CPU.ActiveCfg = Release|Any CPU
		{A01DB885-A054-4499-B565-8A89B427DE6D}.Release|Any CPU.Build.0 = Release|Any CPU
		{70EEB718-7824-4BD2-85D6-A04526ABB6DD}.Debug|Any CPU.ActiveCfg = Debug|Any CPU
		{70EEB718-7824-4BD2-85D6-A04526ABB6DD}.Debug|Any CPU.Build.0 = Debug|Any CPU
		{70EEB718-7824-4BD2-85D6-A04526ABB6DD}.Release|Any CPU.ActiveCfg = Release|Any CPU
		{70EEB718-7824-4BD2-85D6-A04526ABB6DD}.Release|Any CPU.Build.0 = Release|Any CPU
		{907650FC-EA24-4B97-A020-84B7A0ECB16F}.Debug|Any CPU.ActiveCfg = Debug|Any CPU
		{907650FC-EA24-4B97-A020-84B7A0ECB16F}.Debug|Any CPU.Build.0 = Debug|Any CPU
		{907650FC-EA24-4B97-A020-84B7A0ECB16F}.Release|Any CPU.ActiveCfg = Release|Any CPU
		{907650FC-EA24-4B97-A020-84B7A0ECB16F}.Release|Any CPU.Build.0 = Release|Any CPU
		{101B8538-FE0F-44DE-A65D-D1271906428F}.Debug|Any CPU.ActiveCfg = Debug|Any CPU
		{101B8538-FE0F-44DE-A65D-D1271906428F}.Debug|Any CPU.Build.0 = Debug|Any CPU
		{101B8538-FE0F-44DE-A65D-D1271906428F}.Release|Any CPU.ActiveCfg = Release|Any CPU
		{101B8538-FE0F-44DE-A65D-D1271906428F}.Release|Any CPU.Build.0 = Release|Any CPU
	EndGlobalSection
	GlobalSection(SolutionProperties) = preSolution
		HideSolutionNode = FALSE
	EndGlobalSection
	GlobalSection(NestedProjects) = preSolution
		{8C231549-ACA8-4F46-A866-CEB58C0E32DF} = {BD19AF6F-0F8A-4DE7-ABC4-D9EAE6DE927E}
		{AD23A48C-2C75-49E6-A47B-E336A9F39C04} = {4B70FB13-840D-49B7-A569-C0664C384E63}
		{4C47FE09-EDEF-45FA-84F2-90C7458BBDAE} = {4B70FB13-840D-49B7-A569-C0664C384E63}
		{82A037C3-55B6-4434-BC50-AFECA614EFFB} = {BD19AF6F-0F8A-4DE7-ABC4-D9EAE6DE927E}
		{2B59E6AA-5BD5-4253-B5C0-4CC3EBC22F7A} = {5F1183CA-C846-454A-89D2-6752B422617F}
		{A01DB885-A054-4499-B565-8A89B427DE6D} = {5F1183CA-C846-454A-89D2-6752B422617F}
		{70EEB718-7824-4BD2-85D6-A04526ABB6DD} = {5F1183CA-C846-454A-89D2-6752B422617F}
		{907650FC-EA24-4B97-A020-84B7A0ECB16F} = {4B70FB13-840D-49B7-A569-C0664C384E63}
		{101B8538-FE0F-44DE-A65D-D1271906428F} = {E204E0C8-42F3-45D9-B2EE-4B5EDBEB6BE5}
	EndGlobalSection
	GlobalSection(ExtensibilityGlobals) = postSolution
		SolutionGuid = {1B0BC324-96DB-40F5-9B84-C63DDC0AD376}
	EndGlobalSection
EndGlobal
